
Microsoft Visual Studio Solution File, Format Version 12.00
# Visual Studio Version 17
VisualStudioVersion = 17.9.34714.143
MinimumVisualStudioVersion = 10.0.40219.1
Project("{FAE04EC0-301F-11D3-BF4B-00C04F79EFBC}") = "naplo", "naplo.csproj", "{BDFB333C-2BA5-4EEE-A132-5AE873F38AFE}"
EndProject
Global
	GlobalSection(SolutionConfigurationPlatforms) = preSolution
		Debug|Any CPU = Debug|Any CPU
		Release|Any CPU = Release|Any CPU
	EndGlobalSection
	GlobalSection(ProjectConfigurationPlatforms) = postSolution
		{BDFB333C-2BA5-4EEE-A132-5AE873F38AFE}.Debug|Any CPU.ActiveCfg = Debug|Any CPU
		{BDFB333C-2BA5-4EEE-A132-5AE873F38AFE}.Debug|Any CPU.Build.0 = Debug|Any CPU
		{BDFB333C-2BA5-4EEE-A132-5AE873F38AFE}.Release|Any CPU.ActiveCfg = Release|Any CPU
		{BDFB333C-2BA5-4EEE-A132-5AE873F38AFE}.Release|Any CPU.Build.0 = Release|Any CPU
	EndGlobalSection
	GlobalSection(SolutionProperties) = preSolution
		HideSolutionNode = FALSE
	EndGlobalSection
	GlobalSection(ExtensibilityGlobals) = postSolution
		SolutionGuid = {DF55AE2E-351C-432A-B049-8544E8A73F11}
	EndGlobalSection
EndGlobal
